
Microsoft Visual Studio Solution File, Format Version 12.00
# Visual Studio Version 17
VisualStudioVersion = 17.8.34511.84
MinimumVisualStudioVersion = 10.0.40219.1
Project("{FAE04EC0-301F-11D3-BF4B-00C04F79EFBC}") = "process_pipeline", "process_pipeline.csproj", "{A1567DE5-CA4E-4200-AB84-90E802030009}"
EndProject
Project("{9A19103F-16F7-4668-BE54-9A1E7A4F7556}") = "WpfCompositeSplitter", "tests\WpfCompositeSplitter\WpfCompositeSplitter.csproj", "{B8FCA41A-8BB2-4863-87E0-2E7DCB7C7FA9}"
EndProject
Project("{9A19103F-16F7-4668-BE54-9A1E7A4F7556}") = "WpfSplitTest", "tests\WpfSplitTest\WpfSplitTest.csproj", "{9DEEF623-0A39-4C07-807E-C7C972828707}"
EndProject
Project("{FAE04EC0-301F-11D3-BF4B-00C04F79EFBC}") = "Cad.Plugin", "Tests\Cad.Plugin\Cad.Plugin.csproj", "{728757F9-C8D1-421D-A07E-E379BC97D80F}"
EndProject
Global
	GlobalSection(SolutionConfigurationPlatforms) = preSolution
		Debug|Any CPU = Debug|Any CPU
		Debug|x64 = Debug|x64
		Release|Any CPU = Release|Any CPU
		Release|x64 = Release|x64
	EndGlobalSection
	GlobalSection(ProjectConfigurationPlatforms) = postSolution
		{A1567DE5-CA4E-4200-AB84-90E802030009}.Debug|Any CPU.ActiveCfg = Debug|Any CPU
		{A1567DE5-CA4E-4200-AB84-90E802030009}.Debug|Any CPU.Build.0 = Debug|Any CPU
		{A1567DE5-CA4E-4200-AB84-90E802030009}.Debug|x64.ActiveCfg = Debug|x64
		{A1567DE5-CA4E-4200-AB84-90E802030009}.Debug|x64.Build.0 = Debug|x64
		{A1567DE5-CA4E-4200-AB84-90E802030009}.Release|Any CPU.ActiveCfg = Release|Any CPU
		{A1567DE5-CA4E-4200-AB84-90E802030009}.Release|Any CPU.Build.0 = Release|Any CPU
		{A1567DE5-CA4E-4200-AB84-90E802030009}.Release|x64.ActiveCfg = Release|x64
		{A1567DE5-CA4E-4200-AB84-90E802030009}.Release|x64.Build.0 = Release|x64
		{B8FCA41A-8BB2-4863-87E0-2E7DCB7C7FA9}.Debug|Any CPU.ActiveCfg = Debug|Any CPU
		{B8FCA41A-8BB2-4863-87E0-2E7DCB7C7FA9}.Debug|Any CPU.Build.0 = Debug|Any CPU
		{B8FCA41A-8BB2-4863-87E0-2E7DCB7C7FA9}.Debug|x64.ActiveCfg = Debug|x64
		{B8FCA41A-8BB2-4863-87E0-2E7DCB7C7FA9}.Debug|x64.Build.0 = Debug|x64
		{B8FCA41A-8BB2-4863-87E0-2E7DCB7C7FA9}.Release|Any CPU.ActiveCfg = Release|Any CPU
		{B8FCA41A-8BB2-4863-87E0-2E7DCB7C7FA9}.Release|Any CPU.Build.0 = Release|Any CPU
		{B8FCA41A-8BB2-4863-87E0-2E7DCB7C7FA9}.Release|x64.ActiveCfg = Release|x64
		{B8FCA41A-8BB2-4863-87E0-2E7DCB7C7FA9}.Release|x64.Build.0 = Release|x64
		{9DEEF623-0A39-4C07-807E-C7C972828707}.Debug|Any CPU.ActiveCfg = Debug|Any CPU
		{9DEEF623-0A39-4C07-807E-C7C972828707}.Debug|Any CPU.Build.0 = Debug|Any CPU
		{9DEEF623-0A39-4C07-807E-C7C972828707}.Debug|x64.ActiveCfg = Debug|x64
		{9DEEF623-0A39-4C07-807E-C7C972828707}.Debug|x64.Build.0 = Debug|x64
		{9DEEF623-0A39-4C07-807E-C7C972828707}.Release|Any CPU.ActiveCfg = Release|Any CPU
		{9DEEF623-0A39-4C07-807E-C7C972828707}.Release|Any CPU.Build.0 = Release|Any CPU
		{9DEEF623-0A39-4C07-807E-C7C972828707}.Release|x64.ActiveCfg = Release|x64
		{9DEEF623-0A39-4C07-807E-C7C972828707}.Release|x64.Build.0 = Release|x64
		{728757F9-C8D1-421D-A07E-E379BC97D80F}.Debug|Any CPU.ActiveCfg = Debug|Any CPU
		{728757F9-C8D1-421D-A07E-E379BC97D80F}.Debug|Any CPU.Build.0 = Debug|Any CPU
		{728757F9-C8D1-421D-A07E-E379BC97D80F}.Debug|x64.ActiveCfg = Debug|x64
		{728757F9-C8D1-421D-A07E-E379BC97D80F}.Debug|x64.Build.0 = Debug|x64
		{728757F9-C8D1-421D-A07E-E379BC97D80F}.Release|Any CPU.ActiveCfg = Release|Any CPU
		{728757F9-C8D1-421D-A07E-E379BC97D80F}.Release|Any CPU.Build.0 = Release|Any CPU
		{728757F9-C8D1-421D-A07E-E379BC97D80F}.Release|x64.ActiveCfg = Release|x64
		{728757F9-C8D1-421D-A07E-E379BC97D80F}.Release|x64.Build.0 = Release|x64
	EndGlobalSection
	GlobalSection(SolutionProperties) = preSolution
		HideSolutionNode = FALSE
	EndGlobalSection
	GlobalSection(ExtensibilityGlobals) = postSolution
		SolutionGuid = {E5D337DD-80F0-40A5-AD7C-9BD938B6FDB2}
	EndGlobalSection
EndGlobal
