
Microsoft Visual Studio Solution File, Format Version 12.00
# Visual Studio Version 17
VisualStudioVersion = 17.8.34511.84
MinimumVisualStudioVersion = 10.0.40219.1
Project("{FAE04EC0-301F-11D3-BF4B-00C04F79EFBC}") = "process_pipeline", "process_pipeline.csproj", "{A1567DE5-CA4E-4200-AB84-90E802030009}"
EndProject
Global
	GlobalSection(SolutionConfigurationPlatforms) = preSolution
		Debug|Any CPU = Debug|Any CPU
		Debug|x64 = Debug|x64
		Release|Any CPU = Release|Any CPU
		Release|x64 = Release|x64
	EndGlobalSection
	GlobalSection(ProjectConfigurationPlatforms) = postSolution
		{A1567DE5-CA4E-4200-AB84-90E802030009}.Debug|Any CPU.ActiveCfg = Debug|Any CPU
		{A1567DE5-CA4E-4200-AB84-90E802030009}.Debug|Any CPU.Build.0 = Debug|Any CPU
		{A1567DE5-CA4E-4200-AB84-90E802030009}.Debug|x64.ActiveCfg = Debug|x64
		{A1567DE5-CA4E-4200-AB84-90E802030009}.Debug|x64.Build.0 = Debug|x64
		{A1567DE5-CA4E-4200-AB84-90E802030009}.Release|Any CPU.ActiveCfg = Release|Any CPU
		{A1567DE5-CA4E-4200-AB84-90E802030009}.Release|Any CPU.Build.0 = Release|Any CPU
		{A1567DE5-CA4E-4200-AB84-90E802030009}.Release|x64.ActiveCfg = Release|x64
		{A1567DE5-CA4E-4200-AB84-90E802030009}.Release|x64.Build.0 = Release|x64
	EndGlobalSection
	GlobalSection(SolutionProperties) = preSolution
		HideSolutionNode = FALSE
	EndGlobalSection
	GlobalSection(ExtensibilityGlobals) = postSolution
		SolutionGuid = {E5D337DD-80F0-40A5-AD7C-9BD938B6FDB2}
	EndGlobalSection
EndGlobal
